
Microsoft Visual Studio Solution File, Format Version 12.00
# Visual Studio 15
VisualStudioVersion = 15.0.28307.1022
MinimumVisualStudioVersion = 10.0.40219.1
Project("{888888A0-9F3D-457C-B088-3A5042F75D52}") = "迭代生成器", "迭代生成器\迭代生成器.pyproj", "{52CC49F4-F3A1-42DA-9608-65BDCEEB3D66}"
EndProject
Global
	GlobalSection(SolutionConfigurationPlatforms) = preSolution
		Debug|Any CPU = Debug|Any CPU
		Release|Any CPU = Release|Any CPU
	EndGlobalSection
	GlobalSection(ProjectConfigurationPlatforms) = postSolution
		{52CC49F4-F3A1-42DA-9608-65BDCEEB3D66}.Debug|Any CPU.ActiveCfg = Debug|Any CPU
		{52CC49F4-F3A1-42DA-9608-65BDCEEB3D66}.Release|Any CPU.ActiveCfg = Release|Any CPU
	EndGlobalSection
	GlobalSection(SolutionProperties) = preSolution
		HideSolutionNode = FALSE
	EndGlobalSection
	GlobalSection(ExtensibilityGlobals) = postSolution
		SolutionGuid = {6E59D482-4316-499C-9BD2-DAEF71378E8A}
	EndGlobalSection
EndGlobal
