
Microsoft Visual Studio Solution File, Format Version 12.00
# Visual Studio Version 16
VisualStudioVersion = 16.0.29728.190
MinimumVisualStudioVersion = 10.0.40219.1
Project("{888888A0-9F3D-457C-B088-3A5042F75D52}") = "函数实验~", "函数实验~\函数实验~.pyproj", "{5F7450ED-E589-4BB6-91AE-0002FADA7D0C}"
EndProject
Global
	GlobalSection(SolutionConfigurationPlatforms) = preSolution
		Debug|Any CPU = Debug|Any CPU
		Release|Any CPU = Release|Any CPU
	EndGlobalSection
	GlobalSection(ProjectConfigurationPlatforms) = postSolution
		{5F7450ED-E589-4BB6-91AE-0002FADA7D0C}.Debug|Any CPU.ActiveCfg = Debug|Any CPU
		{5F7450ED-E589-4BB6-91AE-0002FADA7D0C}.Release|Any CPU.ActiveCfg = Release|Any CPU
	EndGlobalSection
	GlobalSection(SolutionProperties) = preSolution
		HideSolutionNode = FALSE
	EndGlobalSection
	GlobalSection(ExtensibilityGlobals) = postSolution
		SolutionGuid = {A22FB257-C353-4B69-9EDA-F24FFF61B141}
	EndGlobalSection
EndGlobal
