
Microsoft Visual Studio Solution File, Format Version 12.00
# Visual Studio Version 16
VisualStudioVersion = 16.0.30104.148
MinimumVisualStudioVersion = 10.0.40219.1
Project("{888888A0-9F3D-457C-B088-3A5042F75D52}") = "1求一个数的每一个因数-并选出4个组成比例-PythonWindow", "1求一个数的每一个因数-并选出4个组成比例-PythonWindow\1求一个数的每一个因数-并选出4个组成比例-PythonWindow.pyproj", "{205D6CDF-231B-4302-BD0A-1F4946AF650B}"
EndProject
Global
	GlobalSection(SolutionConfigurationPlatforms) = preSolution
		Debug|Any CPU = Debug|Any CPU
		Release|Any CPU = Release|Any CPU
	EndGlobalSection
	GlobalSection(ProjectConfigurationPlatforms) = postSolution
		{205D6CDF-231B-4302-BD0A-1F4946AF650B}.Debug|Any CPU.ActiveCfg = Debug|Any CPU
		{205D6CDF-231B-4302-BD0A-1F4946AF650B}.Release|Any CPU.ActiveCfg = Release|Any CPU
	EndGlobalSection
	GlobalSection(SolutionProperties) = preSolution
		HideSolutionNode = FALSE
	EndGlobalSection
	GlobalSection(ExtensibilityGlobals) = postSolution
		SolutionGuid = {74B2AD35-5CCF-4C3E-B675-7EA79CD6E013}
	EndGlobalSection
EndGlobal
