
Microsoft Visual Studio Solution File, Format Version 12.00
# Visual Studio Version 16
VisualStudioVersion = 16.0.29613.14
MinimumVisualStudioVersion = 10.0.40219.1
Project("{888888A0-9F3D-457C-B088-3A5042F75D52}") = "模块-import-", "模块-import-\模块-import-.pyproj", "{D21550DE-82B7-4CC2-B050-381D23EAE19D}"
EndProject
Global
	GlobalSection(SolutionConfigurationPlatforms) = preSolution
		Debug|Any CPU = Debug|Any CPU
		Release|Any CPU = Release|Any CPU
	EndGlobalSection
	GlobalSection(ProjectConfigurationPlatforms) = postSolution
		{D21550DE-82B7-4CC2-B050-381D23EAE19D}.Debug|Any CPU.ActiveCfg = Debug|Any CPU
		{D21550DE-82B7-4CC2-B050-381D23EAE19D}.Release|Any CPU.ActiveCfg = Release|Any CPU
	EndGlobalSection
	GlobalSection(SolutionProperties) = preSolution
		HideSolutionNode = FALSE
	EndGlobalSection
	GlobalSection(ExtensibilityGlobals) = postSolution
		SolutionGuid = {4B89F9F4-49BD-423B-9841-0C51B4C0863C}
	EndGlobalSection
EndGlobal
